
Microsoft Visual Studio Solution File, Format Version 12.00
# Visual Studio Version 17
VisualStudioVersion = 17.7.34302.85
MinimumVisualStudioVersion = 10.0.40219.1
Project("{FAE04EC0-301F-11D3-BF4B-00C04F79EFBC}") = "Elib", "Elib\Elib.csproj", "{D96B3631-0D8E-4A5B-9D3B-B6FA82E3280E}"
EndProject
Global
	GlobalSection(SolutionConfigurationPlatforms) = preSolution
		Debug|Any CPU = Debug|Any CPU
		Release|Any CPU = Release|Any CPU
	EndGlobalSection
	GlobalSection(ProjectConfigurationPlatforms) = postSolution
		{D96B3631-0D8E-4A5B-9D3B-B6FA82E3280E}.Debug|Any CPU.ActiveCfg = Debug|Any CPU
		{D96B3631-0D8E-4A5B-9D3B-B6FA82E3280E}.Debug|Any CPU.Build.0 = Debug|Any CPU
		{D96B3631-0D8E-4A5B-9D3B-B6FA82E3280E}.Release|Any CPU.ActiveCfg = Release|Any CPU
		{D96B3631-0D8E-4A5B-9D3B-B6FA82E3280E}.Release|Any CPU.Build.0 = Release|Any CPU
	EndGlobalSection
	GlobalSection(SolutionProperties) = preSolution
		HideSolutionNode = FALSE
	EndGlobalSection
	GlobalSection(ExtensibilityGlobals) = postSolution
		SolutionGuid = {A6B7959A-E474-45AF-8C42-FDD032B41691}
	EndGlobalSection
EndGlobal
